
Microsoft Visual Studio Solution File, Format Version 12.00
# Visual Studio Version 16
VisualStudioVersion = 16.0.32228.343
MinimumVisualStudioVersion = 10.0.40219.1
Project("{FAE04EC0-301F-11D3-BF4B-00C04F79EFBC}") = "Ejercicio4", "Ejercicio4\Ejercicio4.csproj", "{D22F0414-AF50-4D9A-AC80-3A0E31159E3B}"
EndProject
Global
	GlobalSection(SolutionConfigurationPlatforms) = preSolution
		Debug|Any CPU = Debug|Any CPU
		Release|Any CPU = Release|Any CPU
	EndGlobalSection
	GlobalSection(ProjectConfigurationPlatforms) = postSolution
		{D22F0414-AF50-4D9A-AC80-3A0E31159E3B}.Debug|Any CPU.ActiveCfg = Debug|Any CPU
		{D22F0414-AF50-4D9A-AC80-3A0E31159E3B}.Debug|Any CPU.Build.0 = Debug|Any CPU
		{D22F0414-AF50-4D9A-AC80-3A0E31159E3B}.Release|Any CPU.ActiveCfg = Release|Any CPU
		{D22F0414-AF50-4D9A-AC80-3A0E31159E3B}.Release|Any CPU.Build.0 = Release|Any CPU
	EndGlobalSection
	GlobalSection(SolutionProperties) = preSolution
		HideSolutionNode = FALSE
	EndGlobalSection
	GlobalSection(ExtensibilityGlobals) = postSolution
		SolutionGuid = {16AA8BB6-F4D7-463B-8725-04A846EFB918}
	EndGlobalSection
EndGlobal
